
Microsoft Visual Studio Solution File, Format Version 12.00
# Visual Studio Version 17
VisualStudioVersion = 17.4.33122.133
MinimumVisualStudioVersion = 10.0.40219.1
Project("{FAE04EC0-301F-11D3-BF4B-00C04F79EFBC}") = "BackendEcommerce", "BackendEcommerce\BackendEcommerce.csproj", "{19A10E68-0569-467F-BC0D-B2095A641CD8}"
EndProject
Global
	GlobalSection(SolutionConfigurationPlatforms) = preSolution
		Debug|Any CPU = Debug|Any CPU
		Release|Any CPU = Release|Any CPU
	EndGlobalSection
	GlobalSection(ProjectConfigurationPlatforms) = postSolution
		{19A10E68-0569-467F-BC0D-B2095A641CD8}.Debug|Any CPU.ActiveCfg = Debug|Any CPU
		{19A10E68-0569-467F-BC0D-B2095A641CD8}.Debug|Any CPU.Build.0 = Debug|Any CPU
		{19A10E68-0569-467F-BC0D-B2095A641CD8}.Release|Any CPU.ActiveCfg = Release|Any CPU
		{19A10E68-0569-467F-BC0D-B2095A641CD8}.Release|Any CPU.Build.0 = Release|Any CPU
	EndGlobalSection
	GlobalSection(SolutionProperties) = preSolution
		HideSolutionNode = FALSE
	EndGlobalSection
	GlobalSection(ExtensibilityGlobals) = postSolution
		SolutionGuid = {C5B3C611-7B93-4CCB-B1AF-9EABF6FA554E}
	EndGlobalSection
EndGlobal
